
Microsoft Visual Studio Solution File, Format Version 12.00
# Visual Studio Version 17
VisualStudioVersion = 17.11.35312.102
MinimumVisualStudioVersion = 10.0.40219.1
Project("{FAE04EC0-301F-11D3-BF4B-00C04F79EFBC}") = "aplicacion_web", "aplicacion_web\aplicacion_web.csproj", "{4C2CA344-13EC-48E2-998A-1045BB3DD321}"
EndProject
Global
	GlobalSection(SolutionConfigurationPlatforms) = preSolution
		Debug|Any CPU = Debug|Any CPU
		Release|Any CPU = Release|Any CPU
	EndGlobalSection
	GlobalSection(ProjectConfigurationPlatforms) = postSolution
		{4C2CA344-13EC-48E2-998A-1045BB3DD321}.Debug|Any CPU.ActiveCfg = Debug|Any CPU
		{4C2CA344-13EC-48E2-998A-1045BB3DD321}.Debug|Any CPU.Build.0 = Debug|Any CPU
		{4C2CA344-13EC-48E2-998A-1045BB3DD321}.Release|Any CPU.ActiveCfg = Release|Any CPU
		{4C2CA344-13EC-48E2-998A-1045BB3DD321}.Release|Any CPU.Build.0 = Release|Any CPU
	EndGlobalSection
	GlobalSection(SolutionProperties) = preSolution
		HideSolutionNode = FALSE
	EndGlobalSection
	GlobalSection(ExtensibilityGlobals) = postSolution
		SolutionGuid = {166A6231-0F3B-44B1-B5B3-D5FF272760D6}
	EndGlobalSection
EndGlobal
